
Microsoft Visual Studio Solution File, Format Version 12.00
# Visual Studio Version 17
VisualStudioVersion = 17.8.34309.116
MinimumVisualStudioVersion = 10.0.40219.1
Project("{FAE04EC0-301F-11D3-BF4B-00C04F79EFBC}") = "controle_estoque", "controle_estoque\controle_estoque.csproj", "{0C9AF116-A62E-4E21-95F5-D46F769D2940}"
EndProject
Global
	GlobalSection(SolutionConfigurationPlatforms) = preSolution
		Debug|Any CPU = Debug|Any CPU
		Release|Any CPU = Release|Any CPU
	EndGlobalSection
	GlobalSection(ProjectConfigurationPlatforms) = postSolution
		{0C9AF116-A62E-4E21-95F5-D46F769D2940}.Debug|Any CPU.ActiveCfg = Debug|Any CPU
		{0C9AF116-A62E-4E21-95F5-D46F769D2940}.Debug|Any CPU.Build.0 = Debug|Any CPU
		{0C9AF116-A62E-4E21-95F5-D46F769D2940}.Release|Any CPU.ActiveCfg = Release|Any CPU
		{0C9AF116-A62E-4E21-95F5-D46F769D2940}.Release|Any CPU.Build.0 = Release|Any CPU
	EndGlobalSection
	GlobalSection(SolutionProperties) = preSolution
		HideSolutionNode = FALSE
	EndGlobalSection
	GlobalSection(ExtensibilityGlobals) = postSolution
		SolutionGuid = {B943B2A0-7D9E-492B-930A-77E8307C35A0}
	EndGlobalSection
EndGlobal
